
Microsoft Visual Studio Solution File, Format Version 12.00
# Visual Studio 15
VisualStudioVersion = 15.0.27428.2011
MinimumVisualStudioVersion = 10.0.40219.1
Project("{FAE04EC0-301F-11D3-BF4B-00C04F79EFBC}") = "服务器001", "服务器001\服务器001.csproj", "{2B4DD162-BC0D-4E30-A9B4-D1C98A199F63}"
EndProject
Global
	GlobalSection(SolutionConfigurationPlatforms) = preSolution
		Debug|Any CPU = Debug|Any CPU
		Release|Any CPU = Release|Any CPU
	EndGlobalSection
	GlobalSection(ProjectConfigurationPlatforms) = postSolution
		{2B4DD162-BC0D-4E30-A9B4-D1C98A199F63}.Debug|Any CPU.ActiveCfg = Debug|Any CPU
		{2B4DD162-BC0D-4E30-A9B4-D1C98A199F63}.Debug|Any CPU.Build.0 = Debug|Any CPU
		{2B4DD162-BC0D-4E30-A9B4-D1C98A199F63}.Release|Any CPU.ActiveCfg = Release|Any CPU
		{2B4DD162-BC0D-4E30-A9B4-D1C98A199F63}.Release|Any CPU.Build.0 = Release|Any CPU
	EndGlobalSection
	GlobalSection(SolutionProperties) = preSolution
		HideSolutionNode = FALSE
	EndGlobalSection
	GlobalSection(ExtensibilityGlobals) = postSolution
		SolutionGuid = {E4955021-7747-494C-B4FA-1ED30C639284}
	EndGlobalSection
EndGlobal
